
Microsoft Visual Studio Solution File, Format Version 12.00
# Visual Studio Version 17
VisualStudioVersion = 17.2.32630.192
MinimumVisualStudioVersion = 10.0.40219.1
Project("{FAE04EC0-301F-11D3-BF4B-00C04F79EFBC}") = "Code Lab", "Code Lab.csproj", "{AC45B3D0-7B59-4521-ACA0-EC09C4F71605}"
EndProject
Global
	GlobalSection(SolutionConfigurationPlatforms) = preSolution
		Debug|Any CPU = Debug|Any CPU
		Release|Any CPU = Release|Any CPU
	EndGlobalSection
	GlobalSection(ProjectConfigurationPlatforms) = postSolution
		{AC45B3D0-7B59-4521-ACA0-EC09C4F71605}.Debug|Any CPU.ActiveCfg = Debug|Any CPU
		{AC45B3D0-7B59-4521-ACA0-EC09C4F71605}.Debug|Any CPU.Build.0 = Debug|Any CPU
		{AC45B3D0-7B59-4521-ACA0-EC09C4F71605}.Release|Any CPU.ActiveCfg = Release|Any CPU
		{AC45B3D0-7B59-4521-ACA0-EC09C4F71605}.Release|Any CPU.Build.0 = Release|Any CPU
	EndGlobalSection
	GlobalSection(SolutionProperties) = preSolution
		HideSolutionNode = FALSE
	EndGlobalSection
	GlobalSection(ExtensibilityGlobals) = postSolution
		SolutionGuid = {6E76CFB6-760F-404D-9993-D51E5BD062C3}
	EndGlobalSection
EndGlobal
